// !$*UTF8*$!
{
	archiveVersion = 1;
	classes = {
	};
	objectVersion = 52;
	objects = {

/* Begin PBXBuildFile section */
		9930209C260DEBD800DCEB82 /* WeatherLocationSearchController.swift in Sources */ = {isa = PBXBuildFile; fileRef = 9930209B260DEBD800DCEB82 /* WeatherLocationSearchController.swift */; };
		993020A0260DEBFE00DCEB82 /* FavouriteWeatherLocationController.swift in Sources */ = {isa = PBXBuildFile; fileRef = 9930209F260DEBFE00DCEB82 /* FavouriteWeatherLocationController.swift */; };
		993020A5260DEF4300DCEB82 /* WeatherLocationSearchViewModel.swift in Sources */ = {isa = PBXBuildFile; fileRef = 993020A4260DEF4300DCEB82 /* WeatherLocationSearchViewModel.swift */; };
		993020A8260DEF6000DCEB82 /* FavouriteWeatherLocationViewModel.swift in Sources */ = {isa = PBXBuildFile; fileRef = 993020A7260DEF6000DCEB82 /* FavouriteWeatherLocationViewModel.swift */; };
		993020AB260DEF7600DCEB82 /* WeatherViewModel.swift in Sources */ = {isa = PBXBuildFile; fileRef = 993020AA260DEF7600DCEB82 /* WeatherViewModel.swift */; };
		993020AF260DF06500DCEB82 /* Box.swift in Sources */ = {isa = PBXBuildFile; fileRef = 993020AE260DF06500DCEB82 /* Box.swift */; };
		9946EDB7260F03610093870E /* RealmWeatherFetch.swift in Sources */ = {isa = PBXBuildFile; fileRef = 9946EDB6260F03610093870E /* RealmWeatherFetch.swift */; };
		9946EDBC260F14690093870E /* BaseViewController.swift in Sources */ = {isa = PBXBuildFile; fileRef = 9946EDBB260F14690093870E /* BaseViewController.swift */; };
		9946EDCE260F1EBA0093870E /* StringConstants.swift in Sources */ = {isa = PBXBuildFile; fileRef = 9946EDCD260F1EBA0093870E /* StringConstants.swift */; };
		9946EDD1260F1F8D0093870E /* TableCellConstants.swift in Sources */ = {isa = PBXBuildFile; fileRef = 9946EDD0260F1F8D0093870E /* TableCellConstants.swift */; };
		994A815326106DC100459725 /* RealmWeatherData.swift in Sources */ = {isa = PBXBuildFile; fileRef = 994A815226106DC100459725 /* RealmWeatherData.swift */; };
		994A81562610ABE800459725 /* CAEmitterLayer+Convenience.swift in Sources */ = {isa = PBXBuildFile; fileRef = 994A81552610ABE800459725 /* CAEmitterLayer+Convenience.swift */; };
		9966E90F260C5B0C007DA8FD /* DatabaseManager.swift in Sources */ = {isa = PBXBuildFile; fileRef = 9966E90E260C5B0C007DA8FD /* DatabaseManager.swift */; };
		997242E9260BA4C6003B32BD /* WeatherNetworkManager.swift in Sources */ = {isa = PBXBuildFile; fileRef = 997242E8260BA4C6003B32BD /* WeatherNetworkManager.swift */; };
		997242EC260BA56F003B32BD /* WeatherServiceError.swift in Sources */ = {isa = PBXBuildFile; fileRef = 997242EB260BA56F003B32BD /* WeatherServiceError.swift */; };
		997242EF260BA5C9003B32BD /* WeatherURL.swift in Sources */ = {isa = PBXBuildFile; fileRef = 997242EE260BA5C9003B32BD /* WeatherURL.swift */; };
		997242F6260BAD68003B32BD /* WeatherServiceRequest.swift in Sources */ = {isa = PBXBuildFile; fileRef = 997242F5260BAD68003B32BD /* WeatherServiceRequest.swift */; };
		997242F9260BAE44003B32BD /* WeatherServiceConstants.swift in Sources */ = {isa = PBXBuildFile; fileRef = 997242F8260BAE44003B32BD /* WeatherServiceConstants.swift */; };
		997242FE260BBDB8003B32BD /* WeatherService.swift in Sources */ = {isa = PBXBuildFile; fileRef = 997242FD260BBDB8003B32BD /* WeatherService.swift */; };
		99724301260BC995003B32BD /* WeatherData.swift in Sources */ = {isa = PBXBuildFile; fileRef = 99724300260BC995003B32BD /* WeatherData.swift */; };
		9972F913260F28FA00AE7E6E /* WeatherView.xib in Resources */ = {isa = PBXBuildFile; fileRef = 9972F912260F28FA00AE7E6E /* WeatherView.xib */; };
		99BC7A85260FA46F005539FA /* WeatherDataTableViewCell.swift in Sources */ = {isa = PBXBuildFile; fileRef = 99BC7A83260FA46F005539FA /* WeatherDataTableViewCell.swift */; };
		99BC7A86260FA46F005539FA /* WeatherDataTableViewCell.xib in Resources */ = {isa = PBXBuildFile; fileRef = 99BC7A84260FA46F005539FA /* WeatherDataTableViewCell.xib */; };
		99FEA356260A674E00D24F15 /* AppDelegate.swift in Sources */ = {isa = PBXBuildFile; fileRef = 99FEA355260A674E00D24F15 /* AppDelegate.swift */; };
		99FEA358260A674E00D24F15 /* SceneDelegate.swift in Sources */ = {isa = PBXBuildFile; fileRef = 99FEA357260A674E00D24F15 /* SceneDelegate.swift */; };
		99FEA35A260A674E00D24F15 /* WeatherViewController.swift in Sources */ = {isa = PBXBuildFile; fileRef = 99FEA359260A674E00D24F15 /* WeatherViewController.swift */; };
		99FEA35D260A674F00D24F15 /* Main.storyboard in Resources */ = {isa = PBXBuildFile; fileRef = 99FEA35B260A674F00D24F15 /* Main.storyboard */; };
		99FEA35F260A675100D24F15 /* Assets.xcassets in Resources */ = {isa = PBXBuildFile; fileRef = 99FEA35E260A675100D24F15 /* Assets.xcassets */; };
		99FEA362260A675100D24F15 /* LaunchScreen.storyboard in Resources */ = {isa = PBXBuildFile; fileRef = 99FEA360260A675100D24F15 /* LaunchScreen.storyboard */; };
		99FEA36C260A703D00D24F15 /* Realm in Frameworks */ = {isa = PBXBuildFile; productRef = 99FEA36B260A703D00D24F15 /* Realm */; };
		99FEA36E260A703D00D24F15 /* RealmSwift in Frameworks */ = {isa = PBXBuildFile; productRef = 99FEA36D260A703D00D24F15 /* RealmSwift */; };
/* End PBXBuildFile section */

/* Begin PBXFileReference section */
		9930209B260DEBD800DCEB82 /* WeatherLocationSearchController.swift */ = {isa = PBXFileReference; lastKnownFileType = sourcecode.swift; path = WeatherLocationSearchController.swift; sourceTree = "<group>"; };
		9930209F260DEBFE00DCEB82 /* FavouriteWeatherLocationController.swift */ = {isa = PBXFileReference; lastKnownFileType = sourcecode.swift; path = FavouriteWeatherLocationController.swift; sourceTree = "<group>"; };
		993020A4260DEF4300DCEB82 /* WeatherLocationSearchViewModel.swift */ = {isa = PBXFileReference; lastKnownFileType = sourcecode.swift; path = WeatherLocationSearchViewModel.swift; sourceTree = "<group>"; };
		993020A7260DEF6000DCEB82 /* FavouriteWeatherLocationViewModel.swift */ = {isa = PBXFileReference; lastKnownFileType = sourcecode.swift; path = FavouriteWeatherLocationViewModel.swift; sourceTree = "<group>"; };
		993020AA260DEF7600DCEB82 /* WeatherViewModel.swift */ = {isa = PBXFileReference; lastKnownFileType = sourcecode.swift; path = WeatherViewModel.swift; sourceTree = "<group>"; };
		993020AE260DF06500DCEB82 /* Box.swift */ = {isa = PBXFileReference; lastKnownFileType = sourcecode.swift; path = Box.swift; sourceTree = "<group>"; };
		9946EDB6260F03610093870E /* RealmWeatherFetch.swift */ = {isa = PBXFileReference; lastKnownFileType = sourcecode.swift; path = RealmWeatherFetch.swift; sourceTree = "<group>"; };
		9946EDBB260F14690093870E /* BaseViewController.swift */ = {isa = PBXFileReference; lastKnownFileType = sourcecode.swift; path = BaseViewController.swift; sourceTree = "<group>"; };
		9946EDCD260F1EBA0093870E /* StringConstants.swift */ = {isa = PBXFileReference; lastKnownFileType = sourcecode.swift; path = StringConstants.swift; sourceTree = "<group>"; };
		9946EDD0260F1F8D0093870E /* TableCellConstants.swift */ = {isa = PBXFileReference; lastKnownFileType = sourcecode.swift; path = TableCellConstants.swift; sourceTree = "<group>"; };
		994A815226106DC100459725 /* RealmWeatherData.swift */ = {isa = PBXFileReference; lastKnownFileType = sourcecode.swift; path = RealmWeatherData.swift; sourceTree = "<group>"; };
		994A81552610ABE800459725 /* CAEmitterLayer+Convenience.swift */ = {isa = PBXFileReference; lastKnownFileType = sourcecode.swift; path = "CAEmitterLayer+Convenience.swift"; sourceTree = "<group>"; };
		9966E90E260C5B0C007DA8FD /* DatabaseManager.swift */ = {isa = PBXFileReference; lastKnownFileType = sourcecode.swift; path = DatabaseManager.swift; sourceTree = "<group>"; };
		997242E8260BA4C6003B32BD /* WeatherNetworkManager.swift */ = {isa = PBXFileReference; lastKnownFileType = sourcecode.swift; path = WeatherNetworkManager.swift; sourceTree = "<group>"; };
		997242EB260BA56F003B32BD /* WeatherServiceError.swift */ = {isa = PBXFileReference; lastKnownFileType = sourcecode.swift; path = WeatherServiceError.swift; sourceTree = "<group>"; };
		997242EE260BA5C9003B32BD /* WeatherURL.swift */ = {isa = PBXFileReference; lastKnownFileType = sourcecode.swift; path = WeatherURL.swift; sourceTree = "<group>"; };
		997242F5260BAD68003B32BD /* WeatherServiceRequest.swift */ = {isa = PBXFileReference; lastKnownFileType = sourcecode.swift; path = WeatherServiceRequest.swift; sourceTree = "<group>"; };
		997242F8260BAE44003B32BD /* WeatherServiceConstants.swift */ = {isa = PBXFileReference; lastKnownFileType = sourcecode.swift; path = WeatherServiceConstants.swift; sourceTree = "<group>"; };
		997242FD260BBDB8003B32BD /* WeatherService.swift */ = {isa = PBXFileReference; lastKnownFileType = sourcecode.swift; path = WeatherService.swift; sourceTree = "<group>"; };
		99724300260BC995003B32BD /* WeatherData.swift */ = {isa = PBXFileReference; lastKnownFileType = sourcecode.swift; path = WeatherData.swift; sourceTree = "<group>"; };
		9972F912260F28FA00AE7E6E /* WeatherView.xib */ = {isa = PBXFileReference; lastKnownFileType = file.xib; path = WeatherView.xib; sourceTree = "<group>"; };
		99BC7A83260FA46F005539FA /* WeatherDataTableViewCell.swift */ = {isa = PBXFileReference; lastKnownFileType = sourcecode.swift; path = WeatherDataTableViewCell.swift; sourceTree = "<group>"; };
		99BC7A84260FA46F005539FA /* WeatherDataTableViewCell.xib */ = {isa = PBXFileReference; lastKnownFileType = file.xib; path = WeatherDataTableViewCell.xib; sourceTree = "<group>"; };
		99FEA352260A674E00D24F15 /* Weather.app */ = {isa = PBXFileReference; explicitFileType = wrapper.application; includeInIndex = 0; path = Weather.app; sourceTree = BUILT_PRODUCTS_DIR; };
		99FEA355260A674E00D24F15 /* AppDelegate.swift */ = {isa = PBXFileReference; lastKnownFileType = sourcecode.swift; path = AppDelegate.swift; sourceTree = "<group>"; };
		99FEA357260A674E00D24F15 /* SceneDelegate.swift */ = {isa = PBXFileReference; lastKnownFileType = sourcecode.swift; path = SceneDelegate.swift; sourceTree = "<group>"; };
		99FEA359260A674E00D24F15 /* WeatherViewController.swift */ = {isa = PBXFileReference; lastKnownFileType = sourcecode.swift; path = WeatherViewController.swift; sourceTree = "<group>"; };
		99FEA35C260A674F00D24F15 /* Base */ = {isa = PBXFileReference; lastKnownFileType = file.storyboard; name = Base; path = Base.lproj/Main.storyboard; sourceTree = "<group>"; };
		99FEA35E260A675100D24F15 /* Assets.xcassets */ = {isa = PBXFileReference; lastKnownFileType = folder.assetcatalog; path = Assets.xcassets; sourceTree = "<group>"; };
		99FEA361260A675100D24F15 /* Base */ = {isa = PBXFileReference; lastKnownFileType = file.storyboard; name = Base; path = Base.lproj/LaunchScreen.storyboard; sourceTree = "<group>"; };
		99FEA363260A675100D24F15 /* Info.plist */ = {isa = PBXFileReference; lastKnownFileType = text.plist.xml; path = Info.plist; sourceTree = "<group>"; };
/* End PBXFileReference section */

/* Begin PBXFrameworksBuildPhase section */
		99FEA34F260A674E00D24F15 /* Frameworks */ = {
			isa = PBXFrameworksBuildPhase;
			buildActionMask = 2147483647;
			files = (
				99FEA36E260A703D00D24F15 /* RealmSwift in Frameworks */,
				99FEA36C260A703D00D24F15 /* Realm in Frameworks */,
			);
			runOnlyForDeploymentPostprocessing = 0;
		};
/* End PBXFrameworksBuildPhase section */

/* Begin PBXGroup section */
		9930209A260DEBA200DCEB82 /* View Models */ = {
			isa = PBXGroup;
			children = (
				9946EDC7260F17C40093870E /* Favourites */,
				9946EDC6260F17BF0093870E /* Search */,
				9946EDC5260F17B60093870E /* Detail */,
			);
			path = "View Models";
			sourceTree = "<group>";
		};
		993020AD260DF05100DCEB82 /* Utilities */ = {
			isa = PBXGroup;
			children = (
				993020AE260DF06500DCEB82 /* Box.swift */,
				994A81552610ABE800459725 /* CAEmitterLayer+Convenience.swift */,
			);
			path = Utilities;
			sourceTree = "<group>";
		};
		9946EDC2260F178B0093870E /* Search */ = {
			isa = PBXGroup;
			children = (
				9930209B260DEBD800DCEB82 /* WeatherLocationSearchController.swift */,
			);
			path = Search;
			sourceTree = "<group>";
		};
		9946EDC3260F17930093870E /* Favourties */ = {
			isa = PBXGroup;
			children = (
				9930209F260DEBFE00DCEB82 /* FavouriteWeatherLocationController.swift */,
			);
			path = Favourties;
			sourceTree = "<group>";
		};
		9946EDC4260F179B0093870E /* Detail */ = {
			isa = PBXGroup;
			children = (
				99FEA359260A674E00D24F15 /* WeatherViewController.swift */,
			);
			path = Detail;
			sourceTree = "<group>";
		};
		9946EDC5260F17B60093870E /* Detail */ = {
			isa = PBXGroup;
			children = (
				993020AA260DEF7600DCEB82 /* WeatherViewModel.swift */,
			);
			path = Detail;
			sourceTree = "<group>";
		};
		9946EDC6260F17BF0093870E /* Search */ = {
			isa = PBXGroup;
			children = (
				993020A4260DEF4300DCEB82 /* WeatherLocationSearchViewModel.swift */,
			);
			path = Search;
			sourceTree = "<group>";
		};
		9946EDC7260F17C40093870E /* Favourites */ = {
			isa = PBXGroup;
			children = (
				993020A7260DEF6000DCEB82 /* FavouriteWeatherLocationViewModel.swift */,
			);
			path = Favourites;
			sourceTree = "<group>";
		};
		9946EDCB260F1E9B0093870E /* Constants */ = {
			isa = PBXGroup;
			children = (
				9946EDCD260F1EBA0093870E /* StringConstants.swift */,
				9946EDD0260F1F8D0093870E /* TableCellConstants.swift */,
			);
			path = Constants;
			sourceTree = "<group>";
		};
		997242E2260BA3AC003B32BD /* Database */ = {
			isa = PBXGroup;
			children = (
				9966E90E260C5B0C007DA8FD /* DatabaseManager.swift */,
				9946EDB6260F03610093870E /* RealmWeatherFetch.swift */,
			);
			path = Database;
			sourceTree = "<group>";
		};
		997242E7260BA3C5003B32BD /* Service */ = {
			isa = PBXGroup;
			children = (
				997242E8260BA4C6003B32BD /* WeatherNetworkManager.swift */,
				997242EE260BA5C9003B32BD /* WeatherURL.swift */,
				997242EB260BA56F003B32BD /* WeatherServiceError.swift */,
				997242F5260BAD68003B32BD /* WeatherServiceRequest.swift */,
				997242F8260BAE44003B32BD /* WeatherServiceConstants.swift */,
				997242FD260BBDB8003B32BD /* WeatherService.swift */,
			);
			path = Service;
			sourceTree = "<group>";
		};
		997242FB260BBD8A003B32BD /* Models */ = {
			isa = PBXGroup;
			children = (
				99724300260BC995003B32BD /* WeatherData.swift */,
				994A815226106DC100459725 /* RealmWeatherData.swift */,
			);
			path = Models;
			sourceTree = "<group>";
		};
		997242FC260BBD9C003B32BD /* Controllers */ = {
			isa = PBXGroup;
			children = (
				9946EDBB260F14690093870E /* BaseViewController.swift */,
				9946EDC4260F179B0093870E /* Detail */,
				9946EDC3260F17930093870E /* Favourties */,
				9946EDC2260F178B0093870E /* Search */,
			);
			path = Controllers;
			sourceTree = "<group>";
		};
		9972F911260F28CF00AE7E6E /* View */ = {
			isa = PBXGroup;
			children = (
				9972F912260F28FA00AE7E6E /* WeatherView.xib */,
				99BC7A84260FA46F005539FA /* WeatherDataTableViewCell.xib */,
				99BC7A83260FA46F005539FA /* WeatherDataTableViewCell.swift */,
			);
			path = View;
			sourceTree = "<group>";
		};
		99FEA349260A674E00D24F15 = {
			isa = PBXGroup;
			children = (
				99FEA354260A674E00D24F15 /* Weather */,
				99FEA353260A674E00D24F15 /* Products */,
			);
			sourceTree = "<group>";
		};
		99FEA353260A674E00D24F15 /* Products */ = {
			isa = PBXGroup;
			children = (
				99FEA352260A674E00D24F15 /* Weather.app */,
			);
			name = Products;
			sourceTree = "<group>";
		};
		99FEA354260A674E00D24F15 /* Weather */ = {
			isa = PBXGroup;
			children = (
				9930209A260DEBA200DCEB82 /* View Models */,
				997242FC260BBD9C003B32BD /* Controllers */,
				997242E7260BA3C5003B32BD /* Service */,
				997242FB260BBD8A003B32BD /* Models */,
				997242E2260BA3AC003B32BD /* Database */,
				993020AD260DF05100DCEB82 /* Utilities */,
				9946EDCB260F1E9B0093870E /* Constants */,
				9972F911260F28CF00AE7E6E /* View */,
				99FEA355260A674E00D24F15 /* AppDelegate.swift */,
				99FEA357260A674E00D24F15 /* SceneDelegate.swift */,
				99FEA35B260A674F00D24F15 /* Main.storyboard */,
				99FEA35E260A675100D24F15 /* Assets.xcassets */,
				99FEA360260A675100D24F15 /* LaunchScreen.storyboard */,
				99FEA363260A675100D24F15 /* Info.plist */,
			);
			path = Weather;
			sourceTree = "<group>";
		};
/* End PBXGroup section */

/* Begin PBXNativeTarget section */
		99FEA351260A674E00D24F15 /* Weather */ = {
			isa = PBXNativeTarget;
			buildConfigurationList = 99FEA366260A675100D24F15 /* Build configuration list for PBXNativeTarget "Weather" */;
			buildPhases = (
				99FEA34E260A674E00D24F15 /* Sources */,
				99FEA34F260A674E00D24F15 /* Frameworks */,
				99FEA350260A674E00D24F15 /* Resources */,
			);
			buildRules = (
			);
			dependencies = (
			);
			name = Weather;
			packageProductDependencies = (
				99FEA36B260A703D00D24F15 /* Realm */,
				99FEA36D260A703D00D24F15 /* RealmSwift */,
			);
			productName = Weather;
			productReference = 99FEA352260A674E00D24F15 /* Weather.app */;
			productType = "com.apple.product-type.application";
		};
/* End PBXNativeTarget section */

/* Begin PBXProject section */
		99FEA34A260A674E00D24F15 /* Project object */ = {
			isa = PBXProject;
			attributes = {
				LastSwiftUpdateCheck = 1240;
				LastUpgradeCheck = 1240;
				TargetAttributes = {
					99FEA351260A674E00D24F15 = {
						CreatedOnToolsVersion = 12.4;
					};
				};
			};
			buildConfigurationList = 99FEA34D260A674E00D24F15 /* Build configuration list for PBXProject "Weather" */;
			compatibilityVersion = "Xcode 9.3";
			developmentRegion = en;
			hasScannedForEncodings = 0;
			knownRegions = (
				en,
				Base,
			);
			mainGroup = 99FEA349260A674E00D24F15;
			packageReferences = (
				99FEA36A260A703D00D24F15 /* XCRemoteSwiftPackageReference "realm-cocoa" */,
			);
			productRefGroup = 99FEA353260A674E00D24F15 /* Products */;
			projectDirPath = "";
			projectRoot = "";
			targets = (
				99FEA351260A674E00D24F15 /* Weather */,
			);
		};
/* End PBXProject section */

/* Begin PBXResourcesBuildPhase section */
		99FEA350260A674E00D24F15 /* Resources */ = {
			isa = PBXResourcesBuildPhase;
			buildActionMask = 2147483647;
			files = (
				99FEA362260A675100D24F15 /* LaunchScreen.storyboard in Resources */,
				99FEA35F260A675100D24F15 /* Assets.xcassets in Resources */,
				99FEA35D260A674F00D24F15 /* Main.storyboard in Resources */,
				99BC7A86260FA46F005539FA /* WeatherDataTableViewCell.xib in Resources */,
				9972F913260F28FA00AE7E6E /* WeatherView.xib in Resources */,
			);
			runOnlyForDeploymentPostprocessing = 0;
		};
/* End PBXResourcesBuildPhase section */

/* Begin PBXSourcesBuildPhase section */
		99FEA34E260A674E00D24F15 /* Sources */ = {
			isa = PBXSourcesBuildPhase;
			buildActionMask = 2147483647;
			files = (
				99BC7A85260FA46F005539FA /* WeatherDataTableViewCell.swift in Sources */,
				997242E9260BA4C6003B32BD /* WeatherNetworkManager.swift in Sources */,
				9966E90F260C5B0C007DA8FD /* DatabaseManager.swift in Sources */,
				997242FE260BBDB8003B32BD /* WeatherService.swift in Sources */,
				99FEA35A260A674E00D24F15 /* WeatherViewController.swift in Sources */,
				9946EDBC260F14690093870E /* BaseViewController.swift in Sources */,
				993020A5260DEF4300DCEB82 /* WeatherLocationSearchViewModel.swift in Sources */,
				9946EDD1260F1F8D0093870E /* TableCellConstants.swift in Sources */,
				99FEA356260A674E00D24F15 /* AppDelegate.swift in Sources */,
				997242EC260BA56F003B32BD /* WeatherServiceError.swift in Sources */,
				9946EDCE260F1EBA0093870E /* StringConstants.swift in Sources */,
				997242EF260BA5C9003B32BD /* WeatherURL.swift in Sources */,
				99724301260BC995003B32BD /* WeatherData.swift in Sources */,
				9946EDB7260F03610093870E /* RealmWeatherFetch.swift in Sources */,
				9930209C260DEBD800DCEB82 /* WeatherLocationSearchController.swift in Sources */,
				99FEA358260A674E00D24F15 /* SceneDelegate.swift in Sources */,
				994A81562610ABE800459725 /* CAEmitterLayer+Convenience.swift in Sources */,
				993020A0260DEBFE00DCEB82 /* FavouriteWeatherLocationController.swift in Sources */,
				993020A8260DEF6000DCEB82 /* FavouriteWeatherLocationViewModel.swift in Sources */,
				993020AF260DF06500DCEB82 /* Box.swift in Sources */,
				993020AB260DEF7600DCEB82 /* WeatherViewModel.swift in Sources */,
				994A815326106DC100459725 /* RealmWeatherData.swift in Sources */,
				997242F9260BAE44003B32BD /* WeatherServiceConstants.swift in Sources */,
				997242F6260BAD68003B32BD /* WeatherServiceRequest.swift in Sources */,
			);
			runOnlyForDeploymentPostprocessing = 0;
		};
/* End PBXSourcesBuildPhase section */

/* Begin PBXVariantGroup section */
		99FEA35B260A674F00D24F15 /* Main.storyboard */ = {
			isa = PBXVariantGroup;
			children = (
				99FEA35C260A674F00D24F15 /* Base */,
			);
			name = Main.storyboard;
			sourceTree = "<group>";
		};
		99FEA360260A675100D24F15 /* LaunchScreen.storyboard */ = {
			isa = PBXVariantGroup;
			children = (
				99FEA361260A675100D24F15 /* Base */,
			);
			name = LaunchScreen.storyboard;
			sourceTree = "<group>";
		};
/* End PBXVariantGroup section */

/* Begin XCBuildConfiguration section */
		99FEA364260A675100D24F15 /* Debug */ = {
			isa = XCBuildConfiguration;
			buildSettings = {
				ALWAYS_SEARCH_USER_PATHS = NO;
				CLANG_ANALYZER_NONNULL = YES;
				CLANG_ANALYZER_NUMBER_OBJECT_CONVERSION = YES_AGGRESSIVE;
				CLANG_CXX_LANGUAGE_STANDARD = "gnu++14";
				CLANG_CXX_LIBRARY = "libc++";
				CLANG_ENABLE_MODULES = YES;
				CLANG_ENABLE_OBJC_ARC = YES;
				CLANG_ENABLE_OBJC_WEAK = YES;
				CLANG_WARN_BLOCK_CAPTURE_AUTORELEASING = YES;
				CLANG_WARN_BOOL_CONVERSION = YES;
				CLANG_WARN_COMMA = YES;
				CLANG_WARN_CONSTANT_CONVERSION = YES;
				CLANG_WARN_DEPRECATED_OBJC_IMPLEMENTATIONS = YES;
				CLANG_WARN_DIRECT_OBJC_ISA_USAGE = YES_ERROR;
				CLANG_WARN_DOCUMENTATION_COMMENTS = YES;
				CLANG_WARN_EMPTY_BODY = YES;
				CLANG_WARN_ENUM_CONVERSION = YES;
				CLANG_WARN_INFINITE_RECURSION = YES;
				CLANG_WARN_INT_CONVERSION = YES;
				CLANG_WARN_NON_LITERAL_NULL_CONVERSION = YES;
				CLANG_WARN_OBJC_IMPLICIT_RETAIN_SELF = YES;
				CLANG_WARN_OBJC_LITERAL_CONVERSION = YES;
				CLANG_WARN_OBJC_ROOT_CLASS = YES_ERROR;
				CLANG_WARN_QUOTED_INCLUDE_IN_FRAMEWORK_HEADER = YES;
				CLANG_WARN_RANGE_LOOP_ANALYSIS = YES;
				CLANG_WARN_STRICT_PROTOTYPES = YES;
				CLANG_WARN_SUSPICIOUS_MOVE = YES;
				CLANG_WARN_UNGUARDED_AVAILABILITY = YES_AGGRESSIVE;
				CLANG_WARN_UNREACHABLE_CODE = YES;
				CLANG_WARN__DUPLICATE_METHOD_MATCH = YES;
				COPY_PHASE_STRIP = NO;
				DEBUG_INFORMATION_FORMAT = dwarf;
				ENABLE_STRICT_OBJC_MSGSEND = YES;
				ENABLE_TESTABILITY = YES;
				GCC_C_LANGUAGE_STANDARD = gnu11;
				GCC_DYNAMIC_NO_PIC = NO;
				GCC_NO_COMMON_BLOCKS = YES;
				GCC_OPTIMIZATION_LEVEL = 0;
				GCC_PREPROCESSOR_DEFINITIONS = (
					"DEBUG=1",
					"$(inherited)",
				);
				GCC_WARN_64_TO_32_BIT_CONVERSION = YES;
				GCC_WARN_ABOUT_RETURN_TYPE = YES_ERROR;
				GCC_WARN_UNDECLARED_SELECTOR = YES;
				GCC_WARN_UNINITIALIZED_AUTOS = YES_AGGRESSIVE;
				GCC_WARN_UNUSED_FUNCTION = YES;
				GCC_WARN_UNUSED_VARIABLE = YES;
				IPHONEOS_DEPLOYMENT_TARGET = 14.4;
				MTL_ENABLE_DEBUG_INFO = INCLUDE_SOURCE;
				MTL_FAST_MATH = YES;
				ONLY_ACTIVE_ARCH = YES;
				SDKROOT = iphoneos;
				SWIFT_ACTIVE_COMPILATION_CONDITIONS = DEBUG;
				SWIFT_OPTIMIZATION_LEVEL = "-Onone";
			};
			name = Debug;
		};
		99FEA365260A675100D24F15 /* Release */ = {
			isa = XCBuildConfiguration;
			buildSettings = {
				ALWAYS_SEARCH_USER_PATHS = NO;
				CLANG_ANALYZER_NONNULL = YES;
				CLANG_ANALYZER_NUMBER_OBJECT_CONVERSION = YES_AGGRESSIVE;
				CLANG_CXX_LANGUAGE_STANDARD = "gnu++14";
				CLANG_CXX_LIBRARY = "libc++";
				CLANG_ENABLE_MODULES = YES;
				CLANG_ENABLE_OBJC_ARC = YES;
				CLANG_ENABLE_OBJC_WEAK = YES;
				CLANG_WARN_BLOCK_CAPTURE_AUTORELEASING = YES;
				CLANG_WARN_BOOL_CONVERSION = YES;
				CLANG_WARN_COMMA = YES;
				CLANG_WARN_CONSTANT_CONVERSION = YES;
				CLANG_WARN_DEPRECATED_OBJC_IMPLEMENTATIONS = YES;
				CLANG_WARN_DIRECT_OBJC_ISA_USAGE = YES_ERROR;
				CLANG_WARN_DOCUMENTATION_COMMENTS = YES;
				CLANG_WARN_EMPTY_BODY = YES;
				CLANG_WARN_ENUM_CONVERSION = YES;
				CLANG_WARN_INFINITE_RECURSION = YES;
				CLANG_WARN_INT_CONVERSION = YES;
				CLANG_WARN_NON_LITERAL_NULL_CONVERSION = YES;
				CLANG_WARN_OBJC_IMPLICIT_RETAIN_SELF = YES;
				CLANG_WARN_OBJC_LITERAL_CONVERSION = YES;
				CLANG_WARN_OBJC_ROOT_CLASS = YES_ERROR;
				CLANG_WARN_QUOTED_INCLUDE_IN_FRAMEWORK_HEADER = YES;
				CLANG_WARN_RANGE_LOOP_ANALYSIS = YES;
				CLANG_WARN_STRICT_PROTOTYPES = YES;
				CLANG_WARN_SUSPICIOUS_MOVE = YES;
				CLANG_WARN_UNGUARDED_AVAILABILITY = YES_AGGRESSIVE;
				CLANG_WARN_UNREACHABLE_CODE = YES;
				CLANG_WARN__DUPLICATE_METHOD_MATCH = YES;
				COPY_PHASE_STRIP = NO;
				DEBUG_INFORMATION_FORMAT = "dwarf-with-dsym";
				ENABLE_NS_ASSERTIONS = NO;
				ENABLE_STRICT_OBJC_MSGSEND = YES;
				GCC_C_LANGUAGE_STANDARD = gnu11;
				GCC_NO_COMMON_BLOCKS = YES;
				GCC_WARN_64_TO_32_BIT_CONVERSION = YES;
				GCC_WARN_ABOUT_RETURN_TYPE = YES_ERROR;
				GCC_WARN_UNDECLARED_SELECTOR = YES;
				GCC_WARN_UNINITIALIZED_AUTOS = YES_AGGRESSIVE;
				GCC_WARN_UNUSED_FUNCTION = YES;
				GCC_WARN_UNUSED_VARIABLE = YES;
				IPHONEOS_DEPLOYMENT_TARGET = 14.4;
				MTL_ENABLE_DEBUG_INFO = NO;
				MTL_FAST_MATH = YES;
				SDKROOT = iphoneos;
				SWIFT_COMPILATION_MODE = wholemodule;
				SWIFT_OPTIMIZATION_LEVEL = "-O";
				VALIDATE_PRODUCT = YES;
			};
			name = Release;
		};
		99FEA367260A675100D24F15 /* Debug */ = {
			isa = XCBuildConfiguration;
			buildSettings = {
				ASSETCATALOG_COMPILER_APPICON_NAME = AppIcon;
				ASSETCATALOG_COMPILER_GLOBAL_ACCENT_COLOR_NAME = AccentColor;
				CODE_SIGN_STYLE = Automatic;
				INFOPLIST_FILE = Weather/Info.plist;
				IPHONEOS_DEPLOYMENT_TARGET = 14.1;
				LD_RUNPATH_SEARCH_PATHS = (
					"$(inherited)",
					"@executable_path/Frameworks",
				);
				PRODUCT_BUNDLE_IDENTIFIER = com.avinash.Weather;
				PRODUCT_NAME = "$(TARGET_NAME)";
				SWIFT_VERSION = 5.0;
				TARGETED_DEVICE_FAMILY = "1,2";
			};
			name = Debug;
		};
		99FEA368260A675100D24F15 /* Release */ = {
			isa = XCBuildConfiguration;
			buildSettings = {
				ASSETCATALOG_COMPILER_APPICON_NAME = AppIcon;
				ASSETCATALOG_COMPILER_GLOBAL_ACCENT_COLOR_NAME = AccentColor;
				CODE_SIGN_STYLE = Automatic;
				INFOPLIST_FILE = Weather/Info.plist;
				IPHONEOS_DEPLOYMENT_TARGET = 14.1;
				LD_RUNPATH_SEARCH_PATHS = (
					"$(inherited)",
					"@executable_path/Frameworks",
				);
				PRODUCT_BUNDLE_IDENTIFIER = com.avinash.Weather;
				PRODUCT_NAME = "$(TARGET_NAME)";
				SWIFT_VERSION = 5.0;
				TARGETED_DEVICE_FAMILY = "1,2";
			};
			name = Release;
		};
/* End XCBuildConfiguration section */

/* Begin XCConfigurationList section */
		99FEA34D260A674E00D24F15 /* Build configuration list for PBXProject "Weather" */ = {
			isa = XCConfigurationList;
			buildConfigurations = (
				99FEA364260A675100D24F15 /* Debug */,
				99FEA365260A675100D24F15 /* Release */,
			);
			defaultConfigurationIsVisible = 0;
			defaultConfigurationName = Release;
		};
		99FEA366260A675100D24F15 /* Build configuration list for PBXNativeTarget "Weather" */ = {
			isa = XCConfigurationList;
			buildConfigurations = (
				99FEA367260A675100D24F15 /* Debug */,
				99FEA368260A675100D24F15 /* Release */,
			);
			defaultConfigurationIsVisible = 0;
			defaultConfigurationName = Release;
		};
/* End XCConfigurationList section */

/* Begin XCRemoteSwiftPackageReference section */
		99FEA36A260A703D00D24F15 /* XCRemoteSwiftPackageReference "realm-cocoa" */ = {
			isa = XCRemoteSwiftPackageReference;
			repositoryURL = "https://github.com/realm/realm-cocoa.git";
			requirement = {
				kind = upToNextMajorVersion;
				minimumVersion = 10.7.2;
			};
		};
/* End XCRemoteSwiftPackageReference section */

/* Begin XCSwiftPackageProductDependency section */
		99FEA36B260A703D00D24F15 /* Realm */ = {
			isa = XCSwiftPackageProductDependency;
			package = 99FEA36A260A703D00D24F15 /* XCRemoteSwiftPackageReference "realm-cocoa" */;
			productName = Realm;
		};
		99FEA36D260A703D00D24F15 /* RealmSwift */ = {
			isa = XCSwiftPackageProductDependency;
			package = 99FEA36A260A703D00D24F15 /* XCRemoteSwiftPackageReference "realm-cocoa" */;
			productName = RealmSwift;
		};
/* End XCSwiftPackageProductDependency section */
	};
	rootObject = 99FEA34A260A674E00D24F15 /* Project object */;
}
